// !$*UTF8*$!
{
	archiveVersion = 1;
	classes = {
	};
	objectVersion = 56;
	objects = {

/* Begin PBXBuildFile section */
		D71F2B222A256B8B0098C6F9 /* HeardstoneApp.swift in Sources */ = {isa = PBXBuildFile; fileRef = D71F2B212A256B8B0098C6F9 /* HeardstoneApp.swift */; };
		D71F2B242A256B8B0098C6F9 /* ContentView.swift in Sources */ = {isa = PBXBuildFile; fileRef = D71F2B232A256B8B0098C6F9 /* ContentView.swift */; };
		D71F2B262A256B8D0098C6F9 /* Assets.xcassets in Resources */ = {isa = PBXBuildFile; fileRef = D71F2B252A256B8D0098C6F9 /* Assets.xcassets */; };
		D71F2B292A256B8D0098C6F9 /* Preview Assets.xcassets in Resources */ = {isa = PBXBuildFile; fileRef = D71F2B282A256B8D0098C6F9 /* Preview Assets.xcassets */; };
		D71F2B332A256B8E0098C6F9 /* HeardstoneTests.swift in Sources */ = {isa = PBXBuildFile; fileRef = D71F2B322A256B8E0098C6F9 /* HeardstoneTests.swift */; };
		D71F2B3D2A256B8E0098C6F9 /* HeardstoneUITests.swift in Sources */ = {isa = PBXBuildFile; fileRef = D71F2B3C2A256B8E0098C6F9 /* HeardstoneUITests.swift */; };
		D71F2B3F2A256B8E0098C6F9 /* HeardstoneUITestsLaunchTests.swift in Sources */ = {isa = PBXBuildFile; fileRef = D71F2B3E2A256B8E0098C6F9 /* HeardstoneUITestsLaunchTests.swift */; };
		D71F2B4D2A256BCA0098C6F9 /* ServiceAPI.swift in Sources */ = {isa = PBXBuildFile; fileRef = D71F2B4C2A256BCA0098C6F9 /* ServiceAPI.swift */; };
		D71F2B502A257C230098C6F9 /* ServiceAPITest.swift in Sources */ = {isa = PBXBuildFile; fileRef = D71F2B4F2A257C230098C6F9 /* ServiceAPITest.swift */; };
		D71F2B532A257F040098C6F9 /* URLSessionMock.swift in Sources */ = {isa = PBXBuildFile; fileRef = D71F2B522A257F040098C6F9 /* URLSessionMock.swift */; };
		D71F2B552A257FB60098C6F9 /* Card.swift in Sources */ = {isa = PBXBuildFile; fileRef = D71F2B542A257FB60098C6F9 /* Card.swift */; };
/* End PBXBuildFile section */

/* Begin PBXContainerItemProxy section */
		D71F2B2F2A256B8E0098C6F9 /* PBXContainerItemProxy */ = {
			isa = PBXContainerItemProxy;
			containerPortal = D71F2B162A256B8B0098C6F9 /* Project object */;
			proxyType = 1;
			remoteGlobalIDString = D71F2B1D2A256B8B0098C6F9;
			remoteInfo = Heardstone;
		};
		D71F2B392A256B8E0098C6F9 /* PBXContainerItemProxy */ = {
			isa = PBXContainerItemProxy;
			containerPortal = D71F2B162A256B8B0098C6F9 /* Project object */;
			proxyType = 1;
			remoteGlobalIDString = D71F2B1D2A256B8B0098C6F9;
			remoteInfo = Heardstone;
		};
/* End PBXContainerItemProxy section */

/* Begin PBXFileReference section */
		D71F2B1E2A256B8B0098C6F9 /* Heardstone.app */ = {isa = PBXFileReference; explicitFileType = wrapper.application; includeInIndex = 0; path = Heardstone.app; sourceTree = BUILT_PRODUCTS_DIR; };
		D71F2B212A256B8B0098C6F9 /* HeardstoneApp.swift */ = {isa = PBXFileReference; lastKnownFileType = sourcecode.swift; path = HeardstoneApp.swift; sourceTree = "<group>"; };
		D71F2B232A256B8B0098C6F9 /* ContentView.swift */ = {isa = PBXFileReference; lastKnownFileType = sourcecode.swift; path = ContentView.swift; sourceTree = "<group>"; };
		D71F2B252A256B8D0098C6F9 /* Assets.xcassets */ = {isa = PBXFileReference; lastKnownFileType = folder.assetcatalog; path = Assets.xcassets; sourceTree = "<group>"; };
		D71F2B282A256B8D0098C6F9 /* Preview Assets.xcassets */ = {isa = PBXFileReference; lastKnownFileType = folder.assetcatalog; path = "Preview Assets.xcassets"; sourceTree = "<group>"; };
		D71F2B2E2A256B8E0098C6F9 /* HeardstoneTests.xctest */ = {isa = PBXFileReference; explicitFileType = wrapper.cfbundle; includeInIndex = 0; path = HeardstoneTests.xctest; sourceTree = BUILT_PRODUCTS_DIR; };
		D71F2B322A256B8E0098C6F9 /* HeardstoneTests.swift */ = {isa = PBXFileReference; lastKnownFileType = sourcecode.swift; path = HeardstoneTests.swift; sourceTree = "<group>"; };
		D71F2B382A256B8E0098C6F9 /* HeardstoneUITests.xctest */ = {isa = PBXFileReference; explicitFileType = wrapper.cfbundle; includeInIndex = 0; path = HeardstoneUITests.xctest; sourceTree = BUILT_PRODUCTS_DIR; };
		D71F2B3C2A256B8E0098C6F9 /* HeardstoneUITests.swift */ = {isa = PBXFileReference; lastKnownFileType = sourcecode.swift; path = HeardstoneUITests.swift; sourceTree = "<group>"; };
		D71F2B3E2A256B8E0098C6F9 /* HeardstoneUITestsLaunchTests.swift */ = {isa = PBXFileReference; lastKnownFileType = sourcecode.swift; path = HeardstoneUITestsLaunchTests.swift; sourceTree = "<group>"; };
		D71F2B4C2A256BCA0098C6F9 /* ServiceAPI.swift */ = {isa = PBXFileReference; lastKnownFileType = sourcecode.swift; path = ServiceAPI.swift; sourceTree = "<group>"; };
		D71F2B4F2A257C230098C6F9 /* ServiceAPITest.swift */ = {isa = PBXFileReference; lastKnownFileType = sourcecode.swift; path = ServiceAPITest.swift; sourceTree = "<group>"; };
		D71F2B522A257F040098C6F9 /* URLSessionMock.swift */ = {isa = PBXFileReference; lastKnownFileType = sourcecode.swift; path = URLSessionMock.swift; sourceTree = "<group>"; };
		D71F2B542A257FB60098C6F9 /* Card.swift */ = {isa = PBXFileReference; lastKnownFileType = sourcecode.swift; path = Card.swift; sourceTree = "<group>"; };
/* End PBXFileReference section */

/* Begin PBXFrameworksBuildPhase section */
		D71F2B1B2A256B8B0098C6F9 /* Frameworks */ = {
			isa = PBXFrameworksBuildPhase;
			buildActionMask = 2147483647;
			files = (
			);
			runOnlyForDeploymentPostprocessing = 0;
		};
		D71F2B2B2A256B8E0098C6F9 /* Frameworks */ = {
			isa = PBXFrameworksBuildPhase;
			buildActionMask = 2147483647;
			files = (
			);
			runOnlyForDeploymentPostprocessing = 0;
		};
		D71F2B352A256B8E0098C6F9 /* Frameworks */ = {
			isa = PBXFrameworksBuildPhase;
			buildActionMask = 2147483647;
			files = (
			);
			runOnlyForDeploymentPostprocessing = 0;
		};
/* End PBXFrameworksBuildPhase section */

/* Begin PBXGroup section */
		D71F2B152A256B8B0098C6F9 = {
			isa = PBXGroup;
			children = (
				D71F2B4B2A256BB10098C6F9 /* Service */,
				D71F2B202A256B8B0098C6F9 /* Heardstone */,
				D71F2B312A256B8E0098C6F9 /* HeardstoneTests */,
				D71F2B3B2A256B8E0098C6F9 /* HeardstoneUITests */,
				D71F2B1F2A256B8B0098C6F9 /* Products */,
			);
			sourceTree = "<group>";
		};
		D71F2B1F2A256B8B0098C6F9 /* Products */ = {
			isa = PBXGroup;
			children = (
				D71F2B1E2A256B8B0098C6F9 /* Heardstone.app */,
				D71F2B2E2A256B8E0098C6F9 /* HeardstoneTests.xctest */,
				D71F2B382A256B8E0098C6F9 /* HeardstoneUITests.xctest */,
			);
			name = Products;
			sourceTree = "<group>";
		};
		D71F2B202A256B8B0098C6F9 /* Heardstone */ = {
			isa = PBXGroup;
			children = (
				D71F2B212A256B8B0098C6F9 /* HeardstoneApp.swift */,
				D71F2B232A256B8B0098C6F9 /* ContentView.swift */,
				D71F2B252A256B8D0098C6F9 /* Assets.xcassets */,
				D71F2B272A256B8D0098C6F9 /* Preview Content */,
			);
			path = Heardstone;
			sourceTree = "<group>";
		};
		D71F2B272A256B8D0098C6F9 /* Preview Content */ = {
			isa = PBXGroup;
			children = (
				D71F2B282A256B8D0098C6F9 /* Preview Assets.xcassets */,
			);
			path = "Preview Content";
			sourceTree = "<group>";
		};
		D71F2B312A256B8E0098C6F9 /* HeardstoneTests */ = {
			isa = PBXGroup;
			children = (
				D71F2B512A257EAA0098C6F9 /* Helpers */,
				D71F2B4E2A257BE10098C6F9 /* Service */,
				D71F2B322A256B8E0098C6F9 /* HeardstoneTests.swift */,
			);
			path = HeardstoneTests;
			sourceTree = "<group>";
		};
		D71F2B3B2A256B8E0098C6F9 /* HeardstoneUITests */ = {
			isa = PBXGroup;
			children = (
				D71F2B3C2A256B8E0098C6F9 /* HeardstoneUITests.swift */,
				D71F2B3E2A256B8E0098C6F9 /* HeardstoneUITestsLaunchTests.swift */,
			);
			path = HeardstoneUITests;
			sourceTree = "<group>";
		};
		D71F2B4B2A256BB10098C6F9 /* Service */ = {
			isa = PBXGroup;
			children = (
				D71F2B4C2A256BCA0098C6F9 /* ServiceAPI.swift */,
			);
			path = Service;
			sourceTree = "<group>";
		};
		D71F2B4E2A257BE10098C6F9 /* Service */ = {
			isa = PBXGroup;
			children = (
				D71F2B4F2A257C230098C6F9 /* ServiceAPITest.swift */,
			);
			path = Service;
			sourceTree = "<group>";
		};
		D71F2B512A257EAA0098C6F9 /* Helpers */ = {
			isa = PBXGroup;
			children = (
				D71F2B522A257F040098C6F9 /* URLSessionMock.swift */,
				D71F2B542A257FB60098C6F9 /* Card.swift */,
			);
			path = Helpers;
			sourceTree = "<group>";
		};
/* End PBXGroup section */

/* Begin PBXNativeTarget section */
		D71F2B1D2A256B8B0098C6F9 /* Heardstone */ = {
			isa = PBXNativeTarget;
			buildConfigurationList = D71F2B422A256B8E0098C6F9 /* Build configuration list for PBXNativeTarget "Heardstone" */;
			buildPhases = (
				D71F2B1A2A256B8B0098C6F9 /* Sources */,
				D71F2B1B2A256B8B0098C6F9 /* Frameworks */,
				D71F2B1C2A256B8B0098C6F9 /* Resources */,
			);
			buildRules = (
			);
			dependencies = (
			);
			name = Heardstone;
			productName = Heardstone;
			productReference = D71F2B1E2A256B8B0098C6F9 /* Heardstone.app */;
			productType = "com.apple.product-type.application";
		};
		D71F2B2D2A256B8E0098C6F9 /* HeardstoneTests */ = {
			isa = PBXNativeTarget;
			buildConfigurationList = D71F2B452A256B8E0098C6F9 /* Build configuration list for PBXNativeTarget "HeardstoneTests" */;
			buildPhases = (
				D71F2B2A2A256B8E0098C6F9 /* Sources */,
				D71F2B2B2A256B8E0098C6F9 /* Frameworks */,
				D71F2B2C2A256B8E0098C6F9 /* Resources */,
			);
			buildRules = (
			);
			dependencies = (
				D71F2B302A256B8E0098C6F9 /* PBXTargetDependency */,
			);
			name = HeardstoneTests;
			productName = HeardstoneTests;
			productReference = D71F2B2E2A256B8E0098C6F9 /* HeardstoneTests.xctest */;
			productType = "com.apple.product-type.bundle.unit-test";
		};
		D71F2B372A256B8E0098C6F9 /* HeardstoneUITests */ = {
			isa = PBXNativeTarget;
			buildConfigurationList = D71F2B482A256B8E0098C6F9 /* Build configuration list for PBXNativeTarget "HeardstoneUITests" */;
			buildPhases = (
				D71F2B342A256B8E0098C6F9 /* Sources */,
				D71F2B352A256B8E0098C6F9 /* Frameworks */,
				D71F2B362A256B8E0098C6F9 /* Resources */,
			);
			buildRules = (
			);
			dependencies = (
				D71F2B3A2A256B8E0098C6F9 /* PBXTargetDependency */,
			);
			name = HeardstoneUITests;
			productName = HeardstoneUITests;
			productReference = D71F2B382A256B8E0098C6F9 /* HeardstoneUITests.xctest */;
			productType = "com.apple.product-type.bundle.ui-testing";
		};
/* End PBXNativeTarget section */

/* Begin PBXProject section */
		D71F2B162A256B8B0098C6F9 /* Project object */ = {
			isa = PBXProject;
			attributes = {
				BuildIndependentTargetsInParallel = 1;
				LastSwiftUpdateCheck = 1420;
				LastUpgradeCheck = 1420;
				TargetAttributes = {
					D71F2B1D2A256B8B0098C6F9 = {
						CreatedOnToolsVersion = 14.2;
					};
					D71F2B2D2A256B8E0098C6F9 = {
						CreatedOnToolsVersion = 14.2;
						TestTargetID = D71F2B1D2A256B8B0098C6F9;
					};
					D71F2B372A256B8E0098C6F9 = {
						CreatedOnToolsVersion = 14.2;
						TestTargetID = D71F2B1D2A256B8B0098C6F9;
					};
				};
			};
			buildConfigurationList = D71F2B192A256B8B0098C6F9 /* Build configuration list for PBXProject "Heardstone" */;
			compatibilityVersion = "Xcode 14.0";
			developmentRegion = en;
			hasScannedForEncodings = 0;
			knownRegions = (
				en,
				Base,
			);
			mainGroup = D71F2B152A256B8B0098C6F9;
			productRefGroup = D71F2B1F2A256B8B0098C6F9 /* Products */;
			projectDirPath = "";
			projectRoot = "";
			targets = (
				D71F2B1D2A256B8B0098C6F9 /* Heardstone */,
				D71F2B2D2A256B8E0098C6F9 /* HeardstoneTests */,
				D71F2B372A256B8E0098C6F9 /* HeardstoneUITests */,
			);
		};
/* End PBXProject section */

/* Begin PBXResourcesBuildPhase section */
		D71F2B1C2A256B8B0098C6F9 /* Resources */ = {
			isa = PBXResourcesBuildPhase;
			buildActionMask = 2147483647;
			files = (
				D71F2B292A256B8D0098C6F9 /* Preview Assets.xcassets in Resources */,
				D71F2B262A256B8D0098C6F9 /* Assets.xcassets in Resources */,
			);
			runOnlyForDeploymentPostprocessing = 0;
		};
		D71F2B2C2A256B8E0098C6F9 /* Resources */ = {
			isa = PBXResourcesBuildPhase;
			buildActionMask = 2147483647;
			files = (
			);
			runOnlyForDeploymentPostprocessing = 0;
		};
		D71F2B362A256B8E0098C6F9 /* Resources */ = {
			isa = PBXResourcesBuildPhase;
			buildActionMask = 2147483647;
			files = (
			);
			runOnlyForDeploymentPostprocessing = 0;
		};
/* End PBXResourcesBuildPhase section */

/* Begin PBXSourcesBuildPhase section */
		D71F2B1A2A256B8B0098C6F9 /* Sources */ = {
			isa = PBXSourcesBuildPhase;
			buildActionMask = 2147483647;
			files = (
				D71F2B242A256B8B0098C6F9 /* ContentView.swift in Sources */,
				D71F2B4D2A256BCA0098C6F9 /* ServiceAPI.swift in Sources */,
				D71F2B222A256B8B0098C6F9 /* HeardstoneApp.swift in Sources */,
			);
			runOnlyForDeploymentPostprocessing = 0;
		};
		D71F2B2A2A256B8E0098C6F9 /* Sources */ = {
			isa = PBXSourcesBuildPhase;
			buildActionMask = 2147483647;
			files = (
				D71F2B532A257F040098C6F9 /* URLSessionMock.swift in Sources */,
				D71F2B502A257C230098C6F9 /* ServiceAPITest.swift in Sources */,
				D71F2B332A256B8E0098C6F9 /* HeardstoneTests.swift in Sources */,
				D71F2B552A257FB60098C6F9 /* Card.swift in Sources */,
			);
			runOnlyForDeploymentPostprocessing = 0;
		};
		D71F2B342A256B8E0098C6F9 /* Sources */ = {
			isa = PBXSourcesBuildPhase;
			buildActionMask = 2147483647;
			files = (
				D71F2B3D2A256B8E0098C6F9 /* HeardstoneUITests.swift in Sources */,
				D71F2B3F2A256B8E0098C6F9 /* HeardstoneUITestsLaunchTests.swift in Sources */,
			);
			runOnlyForDeploymentPostprocessing = 0;
		};
/* End PBXSourcesBuildPhase section */

/* Begin PBXTargetDependency section */
		D71F2B302A256B8E0098C6F9 /* PBXTargetDependency */ = {
			isa = PBXTargetDependency;
			target = D71F2B1D2A256B8B0098C6F9 /* Heardstone */;
			targetProxy = D71F2B2F2A256B8E0098C6F9 /* PBXContainerItemProxy */;
		};
		D71F2B3A2A256B8E0098C6F9 /* PBXTargetDependency */ = {
			isa = PBXTargetDependency;
			target = D71F2B1D2A256B8B0098C6F9 /* Heardstone */;
			targetProxy = D71F2B392A256B8E0098C6F9 /* PBXContainerItemProxy */;
		};
/* End PBXTargetDependency section */

/* Begin XCBuildConfiguration section */
		D71F2B402A256B8E0098C6F9 /* Debug */ = {
			isa = XCBuildConfiguration;
			buildSettings = {
				ALWAYS_SEARCH_USER_PATHS = NO;
				CLANG_ANALYZER_NONNULL = YES;
				CLANG_ANALYZER_NUMBER_OBJECT_CONVERSION = YES_AGGRESSIVE;
				CLANG_CXX_LANGUAGE_STANDARD = "gnu++20";
				CLANG_ENABLE_MODULES = YES;
				CLANG_ENABLE_OBJC_ARC = YES;
				CLANG_ENABLE_OBJC_WEAK = YES;
				CLANG_WARN_BLOCK_CAPTURE_AUTORELEASING = YES;
				CLANG_WARN_BOOL_CONVERSION = YES;
				CLANG_WARN_COMMA = YES;
				CLANG_WARN_CONSTANT_CONVERSION = YES;
				CLANG_WARN_DEPRECATED_OBJC_IMPLEMENTATIONS = YES;
				CLANG_WARN_DIRECT_OBJC_ISA_USAGE = YES_ERROR;
				CLANG_WARN_DOCUMENTATION_COMMENTS = YES;
				CLANG_WARN_EMPTY_BODY = YES;
				CLANG_WARN_ENUM_CONVERSION = YES;
				CLANG_WARN_INFINITE_RECURSION = YES;
				CLANG_WARN_INT_CONVERSION = YES;
				CLANG_WARN_NON_LITERAL_NULL_CONVERSION = YES;
				CLANG_WARN_OBJC_IMPLICIT_RETAIN_SELF = YES;
				CLANG_WARN_OBJC_LITERAL_CONVERSION = YES;
				CLANG_WARN_OBJC_ROOT_CLASS = YES_ERROR;
				CLANG_WARN_QUOTED_INCLUDE_IN_FRAMEWORK_HEADER = YES;
				CLANG_WARN_RANGE_LOOP_ANALYSIS = YES;
				CLANG_WARN_STRICT_PROTOTYPES = YES;
				CLANG_WARN_SUSPICIOUS_MOVE = YES;
				CLANG_WARN_UNGUARDED_AVAILABILITY = YES_AGGRESSIVE;
				CLANG_WARN_UNREACHABLE_CODE = YES;
				CLANG_WARN__DUPLICATE_METHOD_MATCH = YES;
				COPY_PHASE_STRIP = NO;
				DEBUG_INFORMATION_FORMAT = dwarf;
				ENABLE_STRICT_OBJC_MSGSEND = YES;
				ENABLE_TESTABILITY = YES;
				GCC_C_LANGUAGE_STANDARD = gnu11;
				GCC_DYNAMIC_NO_PIC = NO;
				GCC_NO_COMMON_BLOCKS = YES;
				GCC_OPTIMIZATION_LEVEL = 0;
				GCC_PREPROCESSOR_DEFINITIONS = (
					"DEBUG=1",
					"$(inherited)",
				);
				GCC_WARN_64_TO_32_BIT_CONVERSION = YES;
				GCC_WARN_ABOUT_RETURN_TYPE = YES_ERROR;
				GCC_WARN_UNDECLARED_SELECTOR = YES;
				GCC_WARN_UNINITIALIZED_AUTOS = YES_AGGRESSIVE;
				GCC_WARN_UNUSED_FUNCTION = YES;
				GCC_WARN_UNUSED_VARIABLE = YES;
				IPHONEOS_DEPLOYMENT_TARGET = 16.2;
				MTL_ENABLE_DEBUG_INFO = INCLUDE_SOURCE;
				MTL_FAST_MATH = YES;
				ONLY_ACTIVE_ARCH = YES;
				SDKROOT = iphoneos;
				SWIFT_ACTIVE_COMPILATION_CONDITIONS = DEBUG;
				SWIFT_OPTIMIZATION_LEVEL = "-Onone";
			};
			name = Debug;
		};
		D71F2B412A256B8E0098C6F9 /* Release */ = {
			isa = XCBuildConfiguration;
			buildSettings = {
				ALWAYS_SEARCH_USER_PATHS = NO;
				CLANG_ANALYZER_NONNULL = YES;
				CLANG_ANALYZER_NUMBER_OBJECT_CONVERSION = YES_AGGRESSIVE;
				CLANG_CXX_LANGUAGE_STANDARD = "gnu++20";
				CLANG_ENABLE_MODULES = YES;
				CLANG_ENABLE_OBJC_ARC = YES;
				CLANG_ENABLE_OBJC_WEAK = YES;
				CLANG_WARN_BLOCK_CAPTURE_AUTORELEASING = YES;
				CLANG_WARN_BOOL_CONVERSION = YES;
				CLANG_WARN_COMMA = YES;
				CLANG_WARN_CONSTANT_CONVERSION = YES;
				CLANG_WARN_DEPRECATED_OBJC_IMPLEMENTATIONS = YES;
				CLANG_WARN_DIRECT_OBJC_ISA_USAGE = YES_ERROR;
				CLANG_WARN_DOCUMENTATION_COMMENTS = YES;
				CLANG_WARN_EMPTY_BODY = YES;
				CLANG_WARN_ENUM_CONVERSION = YES;
				CLANG_WARN_INFINITE_RECURSION = YES;
				CLANG_WARN_INT_CONVERSION = YES;
				CLANG_WARN_NON_LITERAL_NULL_CONVERSION = YES;
				CLANG_WARN_OBJC_IMPLICIT_RETAIN_SELF = YES;
				CLANG_WARN_OBJC_LITERAL_CONVERSION = YES;
				CLANG_WARN_OBJC_ROOT_CLASS = YES_ERROR;
				CLANG_WARN_QUOTED_INCLUDE_IN_FRAMEWORK_HEADER = YES;
				CLANG_WARN_RANGE_LOOP_ANALYSIS = YES;
				CLANG_WARN_STRICT_PROTOTYPES = YES;
				CLANG_WARN_SUSPICIOUS_MOVE = YES;
				CLANG_WARN_UNGUARDED_AVAILABILITY = YES_AGGRESSIVE;
				CLANG_WARN_UNREACHABLE_CODE = YES;
				CLANG_WARN__DUPLICATE_METHOD_MATCH = YES;
				COPY_PHASE_STRIP = NO;
				DEBUG_INFORMATION_FORMAT = "dwarf-with-dsym";
				ENABLE_NS_ASSERTIONS = NO;
				ENABLE_STRICT_OBJC_MSGSEND = YES;
				GCC_C_LANGUAGE_STANDARD = gnu11;
				GCC_NO_COMMON_BLOCKS = YES;
				GCC_WARN_64_TO_32_BIT_CONVERSION = YES;
				GCC_WARN_ABOUT_RETURN_TYPE = YES_ERROR;
				GCC_WARN_UNDECLARED_SELECTOR = YES;
				GCC_WARN_UNINITIALIZED_AUTOS = YES_AGGRESSIVE;
				GCC_WARN_UNUSED_FUNCTION = YES;
				GCC_WARN_UNUSED_VARIABLE = YES;
				IPHONEOS_DEPLOYMENT_TARGET = 16.2;
				MTL_ENABLE_DEBUG_INFO = NO;
				MTL_FAST_MATH = YES;
				SDKROOT = iphoneos;
				SWIFT_COMPILATION_MODE = wholemodule;
				SWIFT_OPTIMIZATION_LEVEL = "-O";
				VALIDATE_PRODUCT = YES;
			};
			name = Release;
		};
		D71F2B432A256B8E0098C6F9 /* Debug */ = {
			isa = XCBuildConfiguration;
			buildSettings = {
				ASSETCATALOG_COMPILER_APPICON_NAME = AppIcon;
				ASSETCATALOG_COMPILER_GLOBAL_ACCENT_COLOR_NAME = AccentColor;
				CODE_SIGN_STYLE = Automatic;
				CURRENT_PROJECT_VERSION = 1;
				DEVELOPMENT_ASSET_PATHS = "\"Heardstone/Preview Content\"";
				DEVELOPMENT_TEAM = 3DAQ868NGN;
				ENABLE_PREVIEWS = YES;
				GENERATE_INFOPLIST_FILE = YES;
				INFOPLIST_KEY_UIApplicationSceneManifest_Generation = YES;
				INFOPLIST_KEY_UIApplicationSupportsIndirectInputEvents = YES;
				INFOPLIST_KEY_UILaunchScreen_Generation = YES;
				INFOPLIST_KEY_UISupportedInterfaceOrientations_iPad = "UIInterfaceOrientationPortrait UIInterfaceOrientationPortraitUpsideDown UIInterfaceOrientationLandscapeLeft UIInterfaceOrientationLandscapeRight";
				INFOPLIST_KEY_UISupportedInterfaceOrientations_iPhone = "UIInterfaceOrientationPortrait UIInterfaceOrientationLandscapeLeft UIInterfaceOrientationLandscapeRight";
				LD_RUNPATH_SEARCH_PATHS = (
					"$(inherited)",
					"@executable_path/Frameworks",
				);
				MARKETING_VERSION = 1.0;
				PRODUCT_BUNDLE_IDENTIFIER = dev.arbigaus.Heardstone;
				PRODUCT_NAME = "$(TARGET_NAME)";
				SWIFT_EMIT_LOC_STRINGS = YES;
				SWIFT_VERSION = 5.0;
				TARGETED_DEVICE_FAMILY = "1,2";
			};
			name = Debug;
		};
		D71F2B442A256B8E0098C6F9 /* Release */ = {
			isa = XCBuildConfiguration;
			buildSettings = {
				ASSETCATALOG_COMPILER_APPICON_NAME = AppIcon;
				ASSETCATALOG_COMPILER_GLOBAL_ACCENT_COLOR_NAME = AccentColor;
				CODE_SIGN_STYLE = Automatic;
				CURRENT_PROJECT_VERSION = 1;
				DEVELOPMENT_ASSET_PATHS = "\"Heardstone/Preview Content\"";
				DEVELOPMENT_TEAM = 3DAQ868NGN;
				ENABLE_PREVIEWS = YES;
				GENERATE_INFOPLIST_FILE = YES;
				INFOPLIST_KEY_UIApplicationSceneManifest_Generation = YES;
				INFOPLIST_KEY_UIApplicationSupportsIndirectInputEvents = YES;
				INFOPLIST_KEY_UILaunchScreen_Generation = YES;
				INFOPLIST_KEY_UISupportedInterfaceOrientations_iPad = "UIInterfaceOrientationPortrait UIInterfaceOrientationPortraitUpsideDown UIInterfaceOrientationLandscapeLeft UIInterfaceOrientationLandscapeRight";
				INFOPLIST_KEY_UISupportedInterfaceOrientations_iPhone = "UIInterfaceOrientationPortrait UIInterfaceOrientationLandscapeLeft UIInterfaceOrientationLandscapeRight";
				LD_RUNPATH_SEARCH_PATHS = (
					"$(inherited)",
					"@executable_path/Frameworks",
				);
				MARKETING_VERSION = 1.0;
				PRODUCT_BUNDLE_IDENTIFIER = dev.arbigaus.Heardstone;
				PRODUCT_NAME = "$(TARGET_NAME)";
				SWIFT_EMIT_LOC_STRINGS = YES;
				SWIFT_VERSION = 5.0;
				TARGETED_DEVICE_FAMILY = "1,2";
			};
			name = Release;
		};
		D71F2B462A256B8E0098C6F9 /* Debug */ = {
			isa = XCBuildConfiguration;
			buildSettings = {
				ALWAYS_EMBED_SWIFT_STANDARD_LIBRARIES = YES;
				BUNDLE_LOADER = "$(TEST_HOST)";
				CODE_SIGN_STYLE = Automatic;
				CURRENT_PROJECT_VERSION = 1;
				DEVELOPMENT_TEAM = 3DAQ868NGN;
				GENERATE_INFOPLIST_FILE = YES;
				IPHONEOS_DEPLOYMENT_TARGET = 16.2;
				MARKETING_VERSION = 1.0;
				PRODUCT_BUNDLE_IDENTIFIER = dev.arbigaus.HeardstoneTests;
				PRODUCT_NAME = "$(TARGET_NAME)";
				SWIFT_EMIT_LOC_STRINGS = NO;
				SWIFT_VERSION = 5.0;
				TARGETED_DEVICE_FAMILY = "1,2";
				TEST_HOST = "$(BUILT_PRODUCTS_DIR)/Heardstone.app/$(BUNDLE_EXECUTABLE_FOLDER_PATH)/Heardstone";
			};
			name = Debug;
		};
		D71F2B472A256B8E0098C6F9 /* Release */ = {
			isa = XCBuildConfiguration;
			buildSettings = {
				ALWAYS_EMBED_SWIFT_STANDARD_LIBRARIES = YES;
				BUNDLE_LOADER = "$(TEST_HOST)";
				CODE_SIGN_STYLE = Automatic;
				CURRENT_PROJECT_VERSION = 1;
				DEVELOPMENT_TEAM = 3DAQ868NGN;
				GENERATE_INFOPLIST_FILE = YES;
				IPHONEOS_DEPLOYMENT_TARGET = 16.2;
				MARKETING_VERSION = 1.0;
				PRODUCT_BUNDLE_IDENTIFIER = dev.arbigaus.HeardstoneTests;
				PRODUCT_NAME = "$(TARGET_NAME)";
				SWIFT_EMIT_LOC_STRINGS = NO;
				SWIFT_VERSION = 5.0;
				TARGETED_DEVICE_FAMILY = "1,2";
				TEST_HOST = "$(BUILT_PRODUCTS_DIR)/Heardstone.app/$(BUNDLE_EXECUTABLE_FOLDER_PATH)/Heardstone";
			};
			name = Release;
		};
		D71F2B492A256B8E0098C6F9 /* Debug */ = {
			isa = XCBuildConfiguration;
			buildSettings = {
				ALWAYS_EMBED_SWIFT_STANDARD_LIBRARIES = YES;
				CODE_SIGN_STYLE = Automatic;
				CURRENT_PROJECT_VERSION = 1;
				DEVELOPMENT_TEAM = 3DAQ868NGN;
				GENERATE_INFOPLIST_FILE = YES;
				MARKETING_VERSION = 1.0;
				PRODUCT_BUNDLE_IDENTIFIER = dev.arbigaus.HeardstoneUITests;
				PRODUCT_NAME = "$(TARGET_NAME)";
				SWIFT_EMIT_LOC_STRINGS = NO;
				SWIFT_VERSION = 5.0;
				TARGETED_DEVICE_FAMILY = "1,2";
				TEST_TARGET_NAME = Heardstone;
			};
			name = Debug;
		};
		D71F2B4A2A256B8E0098C6F9 /* Release */ = {
			isa = XCBuildConfiguration;
			buildSettings = {
				ALWAYS_EMBED_SWIFT_STANDARD_LIBRARIES = YES;
				CODE_SIGN_STYLE = Automatic;
				CURRENT_PROJECT_VERSION = 1;
				DEVELOPMENT_TEAM = 3DAQ868NGN;
				GENERATE_INFOPLIST_FILE = YES;
				MARKETING_VERSION = 1.0;
				PRODUCT_BUNDLE_IDENTIFIER = dev.arbigaus.HeardstoneUITests;
				PRODUCT_NAME = "$(TARGET_NAME)";
				SWIFT_EMIT_LOC_STRINGS = NO;
				SWIFT_VERSION = 5.0;
				TARGETED_DEVICE_FAMILY = "1,2";
				TEST_TARGET_NAME = Heardstone;
			};
			name = Release;
		};
/* End XCBuildConfiguration section */

/* Begin XCConfigurationList section */
		D71F2B192A256B8B0098C6F9 /* Build configuration list for PBXProject "Heardstone" */ = {
			isa = XCConfigurationList;
			buildConfigurations = (
				D71F2B402A256B8E0098C6F9 /* Debug */,
				D71F2B412A256B8E0098C6F9 /* Release */,
			);
			defaultConfigurationIsVisible = 0;
			defaultConfigurationName = Release;
		};
		D71F2B422A256B8E0098C6F9 /* Build configuration list for PBXNativeTarget "Heardstone" */ = {
			isa = XCConfigurationList;
			buildConfigurations = (
				D71F2B432A256B8E0098C6F9 /* Debug */,
				D71F2B442A256B8E0098C6F9 /* Release */,
			);
			defaultConfigurationIsVisible = 0;
			defaultConfigurationName = Release;
		};
		D71F2B452A256B8E0098C6F9 /* Build configuration list for PBXNativeTarget "HeardstoneTests" */ = {
			isa = XCConfigurationList;
			buildConfigurations = (
				D71F2B462A256B8E0098C6F9 /* Debug */,
				D71F2B472A256B8E0098C6F9 /* Release */,
			);
			defaultConfigurationIsVisible = 0;
			defaultConfigurationName = Release;
		};
		D71F2B482A256B8E0098C6F9 /* Build configuration list for PBXNativeTarget "HeardstoneUITests" */ = {
			isa = XCConfigurationList;
			buildConfigurations = (
				D71F2B492A256B8E0098C6F9 /* Debug */,
				D71F2B4A2A256B8E0098C6F9 /* Release */,
			);
			defaultConfigurationIsVisible = 0;
			defaultConfigurationName = Release;
		};
/* End XCConfigurationList section */
	};
	rootObject = D71F2B162A256B8B0098C6F9 /* Project object */;
}
